// !$*UTF8*$!
{
	archiveVersion = 1;
	classes = {
	};
	objectVersion = 56;
	objects = {

/* Begin PBXBuildFile section */
		00FA3E3BDDAE3909BE1B17C6 /* DietaryPreferencePage.swift in Sources */ = {isa = PBXBuildFile; fileRef = B63A2C61807C09723973CC8D /* DietaryPreferencePage.swift */; };
		07B5C1C4269C76D0824CFA9F /* FeaturedCarousel.swift in Sources */ = {isa = PBXBuildFile; fileRef = 634C4072BB666434B52D89CE /* FeaturedCarousel.swift */; };
		0962167A45BCFFA30C7FE6C6 /* CategoryGrid.swift in Sources */ = {isa = PBXBuildFile; fileRef = 1800CDEE80AC0317BAEEDE14 /* CategoryGrid.swift */; };
		0AC577FF9E2509D7F133C553 /* EditorialDetailViewModel.swift in Sources */ = {isa = PBXBuildFile; fileRef = FCD4D4D8258ACB94639BC90A /* EditorialDetailViewModel.swift */; };
		0AD6C16A32B957FA429FEC69 /* Spectral-Regular.ttf in Resources */ = {isa = PBXBuildFile; fileRef = 3D2DA88C840BA98799E039EF /* Spectral-Regular.ttf */; };
		0E1F4561CF7CDE4B684F1D99 /* FigsAndHoneyApp.swift in Sources */ = {isa = PBXBuildFile; fileRef = 1332CDFF719947AD6BE7851E /* FigsAndHoneyApp.swift */; };
		10FA169C86059C3EDFEC378C /* CardStyle.swift in Sources */ = {isa = PBXBuildFile; fileRef = 35EABD4C513E5ECBCEC7971D /* CardStyle.swift */; };
		111C04B11A9580369C689515 /* RecipeRow.swift in Sources */ = {isa = PBXBuildFile; fileRef = D0A53E1668F48E0CBDDDB64E /* RecipeRow.swift */; };
		1343DD6BF1CF26FEF8606321 /* Spectral-SemiBold.ttf in Resources */ = {isa = PBXBuildFile; fileRef = C843A51332EB80DE2CD904F8 /* Spectral-SemiBold.ttf */; };
		1467AFFFF9033B8311A2CEAA /* NutritionInfo.swift in Sources */ = {isa = PBXBuildFile; fileRef = 04C76F323741734C210099AD /* NutritionInfo.swift */; };
		14A55CB7E37555FA23CA2BE5 /* AppTabView.swift in Sources */ = {isa = PBXBuildFile; fileRef = BB1DCD5910015E7BD4BC56CF /* AppTabView.swift */; };
		15A3274AA224DDCF91D3C331 /* CuisinePreferencePage.swift in Sources */ = {isa = PBXBuildFile; fileRef = 06FF82D3918800D33F584E2E /* CuisinePreferencePage.swift */; };
		16D3F5BDDB7431FBB87775DD /* MetadataPill.swift in Sources */ = {isa = PBXBuildFile; fileRef = CD8BE38BA7B10E3DABF2F28A /* MetadataPill.swift */; };
		188E2854626B71DD794C381C /* Spectral-Bold.ttf in Resources */ = {isa = PBXBuildFile; fileRef = E85A35B3716E779F02D223E7 /* Spectral-Bold.ttf */; };
		1B53E687BF08FC3FD4DBBBDF /* CompletionPage.swift in Sources */ = {isa = PBXBuildFile; fileRef = 278D66FD1E8830113C72544F /* CompletionPage.swift */; };
		1DF6857C7F9E92E87543AB2F /* MockSuggestionRepository.swift in Sources */ = {isa = PBXBuildFile; fileRef = A5791A7DF5E4F399F16832A6 /* MockSuggestionRepository.swift */; };
		1F99EADAF3707B7432C2479C /* MockHomeFeedRepository.swift in Sources */ = {isa = PBXBuildFile; fileRef = 2A00C3079BB18DA8952F3639 /* MockHomeFeedRepository.swift */; };
		20F2CDF295A473DFC4B0790E /* editorials.json in Resources */ = {isa = PBXBuildFile; fileRef = FE1EF40176BFEDCCFB2DE22E /* editorials.json */; };
		22DB694CBC423DA292EB5974 /* MockUserPreferencesRepository.swift in Sources */ = {isa = PBXBuildFile; fileRef = 2BD0149E9730F405BE441B65 /* MockUserPreferencesRepository.swift */; };
		23383119C56FFAC62A1AC42A /* UserPreferencesRepository.swift in Sources */ = {isa = PBXBuildFile; fileRef = B376A6650CB9C2043A5B68C0 /* UserPreferencesRepository.swift */; };
		23C2B277ABB88133AD958061 /* Spectral-Medium.ttf in Resources */ = {isa = PBXBuildFile; fileRef = 3A35D9466E519FD8A86B0746 /* Spectral-Medium.ttf */; };
		23E42002279D96FB0408D33B /* RelatedContentRow.swift in Sources */ = {isa = PBXBuildFile; fileRef = AB5D89A162AA729A1F73FBA7 /* RelatedContentRow.swift */; };
		23ED93881B9387513587D6F9 /* CollectionRow.swift in Sources */ = {isa = PBXBuildFile; fileRef = D0E4F5379C8F9E19769875E3 /* CollectionRow.swift */; };
		2474740F14B02C3148E9E149 /* WelcomePage.swift in Sources */ = {isa = PBXBuildFile; fileRef = 28E4DD725AADD5F061053C70 /* WelcomePage.swift */; };
		2474E376EC5025DD8D4A5B37 /* InstructionStepView.swift in Sources */ = {isa = PBXBuildFile; fileRef = 4F23877B2D426623C9FB68D5 /* InstructionStepView.swift */; };
		28AF32ED607C894277ADA2A3 /* SavedViewModel.swift in Sources */ = {isa = PBXBuildFile; fileRef = 66FCC30604BE4CCBC095BB19 /* SavedViewModel.swift */; };
		2CD123A639C911940FA3DDCE /* MockDataLoader.swift in Sources */ = {isa = PBXBuildFile; fileRef = CEC5984AE02A441D6AE7BE7A /* MockDataLoader.swift */; };
		2D993411EC6C155008BF93AD /* collections.json in Resources */ = {isa = PBXBuildFile; fileRef = 3D697BAE7CE5BB85817AED9A /* collections.json */; };
		37228CF59A5DF2EE46F04493 /* SectionHeader.swift in Sources */ = {isa = PBXBuildFile; fileRef = DA6177A68E8AEC2852F5B0CC /* SectionHeader.swift */; };
		3A0CDE405FF6DA4D889A774E /* Collection.swift in Sources */ = {isa = PBXBuildFile; fileRef = 8928D326CDE19B9F6A90D323 /* Collection.swift */; };
		3A643933C17560B5A7D925BD /* LocalSavedItemRepository.swift in Sources */ = {isa = PBXBuildFile; fileRef = E966E7AC4F94F2890329D258 /* LocalSavedItemRepository.swift */; };
		3D69B76E2FBBB1F81D704413 /* ExploreViewModel.swift in Sources */ = {isa = PBXBuildFile; fileRef = FF9573BB74EDAA8596C0F5B9 /* ExploreViewModel.swift */; };
		3F86785768BE8BFB19948BA4 /* OnboardingViewModel.swift in Sources */ = {isa = PBXBuildFile; fileRef = 829B809A6186865E7058E42E /* OnboardingViewModel.swift */; };
		4364FE0AE4BDA413FA2A8640 /* PreferenceToggleRow.swift in Sources */ = {isa = PBXBuildFile; fileRef = 36D5B84D79CF6D10898D8455 /* PreferenceToggleRow.swift */; };
		438D8FA70AAFF5BD225E348B /* AboutSection.swift in Sources */ = {isa = PBXBuildFile; fileRef = F2567F858D390E8101BE57D7 /* AboutSection.swift */; };
		461EC79A76D1A44CCE7A7019 /* Tag.swift in Sources */ = {isa = PBXBuildFile; fileRef = FE36356AAD04FDFFB0334FBA /* Tag.swift */; };
		46657772CF6940665214C96A /* CollectionRepository.swift in Sources */ = {isa = PBXBuildFile; fileRef = A7280269E40FE2E4D7CAAEE9 /* CollectionRepository.swift */; };
		46AD1F71660AD2F6D137B288 /* EmptyStateView.swift in Sources */ = {isa = PBXBuildFile; fileRef = EE3FFB953C4FA27326CF3EB6 /* EmptyStateView.swift */; };
		486746F5BDC3F3CF0AD1F494 /* suggestions.json in Resources */ = {isa = PBXBuildFile; fileRef = 218F1505423C0ECFC36F6B7A /* suggestions.json */; };
		4E195C28029C505ADFD8E6AE /* MockEditorialRepository.swift in Sources */ = {isa = PBXBuildFile; fileRef = 7AEEDECF3E101480AB2A4BBD /* MockEditorialRepository.swift */; };
		538E627AB95F7A1A869DD49F /* HomeSectionView.swift in Sources */ = {isa = PBXBuildFile; fileRef = 5E05C82C92684823A4123E41 /* HomeSectionView.swift */; };
		568D23C34034D1AA73850D90 /* SavedView.swift in Sources */ = {isa = PBXBuildFile; fileRef = 1C54568B55E4193A6EF35E1C /* SavedView.swift */; };
		56A7D525E3987FB44A4216AF /* DependencyContainer.swift in Sources */ = {isa = PBXBuildFile; fileRef = D6EECEC3CAD086CF79FDFC3C /* DependencyContainer.swift */; };
		573885B3E5C52E8448B5DE81 /* ImageCache.swift in Sources */ = {isa = PBXBuildFile; fileRef = 98BC03901D62A8C94349B916 /* ImageCache.swift */; };
		585013082BF323DF88D8E952 /* MockCollectionRepository.swift in Sources */ = {isa = PBXBuildFile; fileRef = 96AC77C449716F186CEB21E7 /* MockCollectionRepository.swift */; };
		5C5DDB4171FC3048930001A7 /* SuggestionDetailView.swift in Sources */ = {isa = PBXBuildFile; fileRef = 55F4808972016511608DEBDC /* SuggestionDetailView.swift */; };
		5E0F3B0E7E1DAE7082CA6BAA /* recipes.json in Resources */ = {isa = PBXBuildFile; fileRef = DFD8836696E9C7F43E4C17B5 /* recipes.json */; };
		5F809F642CD2D1FAEED1BA2A /* Spectral-Italic.ttf in Resources */ = {isa = PBXBuildFile; fileRef = ADECCFC5FF7C180E897EC6A2 /* Spectral-Italic.ttf */; };
		6148059A6C8C9A2436A1112C /* EditorialBlockView.swift in Sources */ = {isa = PBXBuildFile; fileRef = D2DF9C4C2AA04BC6DDE430F9 /* EditorialBlockView.swift */; };
		62F8D25A5F0A7BDE516FE038 /* CollectionDetailView.swift in Sources */ = {isa = PBXBuildFile; fileRef = E828159F3CCF12E1DB7E9072 /* CollectionDetailView.swift */; };
		636C7554ADB7F6B6FD258DEF /* TrendingSection.swift in Sources */ = {isa = PBXBuildFile; fileRef = 8C7E82D58AC654EB5D13BE7A /* TrendingSection.swift */; };
		63B274710EC96CC6B28E5870 /* SuggestionTile.swift in Sources */ = {isa = PBXBuildFile; fileRef = 220F44CD50A851A041B0A183 /* SuggestionTile.swift */; };
		688CAEE4E7C007BFF41E70DE /* Author.swift in Sources */ = {isa = PBXBuildFile; fileRef = B9DB3FD02A14A3A76C2E6129 /* Author.swift */; };
		6A588CBBA020650E615549ED /* FHColors.swift in Sources */ = {isa = PBXBuildFile; fileRef = C2B8B1DE8214AEAA3B97C946 /* FHColors.swift */; };
		72822A47E0986F3ECC90CBC5 /* FilterChip.swift in Sources */ = {isa = PBXBuildFile; fileRef = 1B93A7988D04BFEA779F077D /* FilterChip.swift */; };
		7692045E529ACB956CAFCA54 /* EditorialSpotlightCard.swift in Sources */ = {isa = PBXBuildFile; fileRef = 44BE2EE35DF64F6C89F1550F /* EditorialSpotlightCard.swift */; };
		7816A95B2C4444B65D83799F /* FHSpacing.swift in Sources */ = {isa = PBXBuildFile; fileRef = 9D0750F261C1459509B8854D /* FHSpacing.swift */; };
		78A4D816461473B2D0230434 /* SavedItemRepository.swift in Sources */ = {isa = PBXBuildFile; fileRef = 3766C9AC4E33CCB047B73D5A /* SavedItemRepository.swift */; };
		79438FAD6478EDB4DEF91344 /* Recipe.swift in Sources */ = {isa = PBXBuildFile; fileRef = 195F06EA239EDC997785925D /* Recipe.swift */; };
		7C6255F6A31349FC9F5FE648 /* Ingredient.swift in Sources */ = {isa = PBXBuildFile; fileRef = A215BC2F44EE0D4D8D2FFDDB /* Ingredient.swift */; };
		7F072F14C3D7416D7C7BAC3F /* HomeFeedViewModel.swift in Sources */ = {isa = PBXBuildFile; fileRef = 84CA2396AC0EB2759611D127 /* HomeFeedViewModel.swift */; };
		826FD18E64556883E0E1F594 /* IngredientListView.swift in Sources */ = {isa = PBXBuildFile; fileRef = DEF08A97CDEF8D6034162FDA /* IngredientListView.swift */; };
		8EF8FB1DDCA633B0D6CD2123 /* FeatureCard.swift in Sources */ = {isa = PBXBuildFile; fileRef = 414745094C53553EB4792C72 /* FeatureCard.swift */; };
		8F85552582BB6FF1EA40BD35 /* HeroHeaderView.swift in Sources */ = {isa = PBXBuildFile; fileRef = D312050D355FC3DDDA6434D0 /* HeroHeaderView.swift */; };
		90E1076EF29010BBD1D932FE /* Haptics.swift in Sources */ = {isa = PBXBuildFile; fileRef = 5907679ED69F356936CFB5EC /* Haptics.swift */; };
		926A0C4B8528B70AE05FCA0E /* FHButton.swift in Sources */ = {isa = PBXBuildFile; fileRef = 4AF0D6C620B89F755C5C8D1B /* FHButton.swift */; };
		982B28B0BB60F1A56941B808 /* RecipeCard.swift in Sources */ = {isa = PBXBuildFile; fileRef = F3176C14352477B9334F1EEA /* RecipeCard.swift */; };
		98C5CB142F9FED5B0040FB13 /* APIClient.swift in Sources */ = {isa = PBXBuildFile; fileRef = 98C5CB0B2F9FED5B0040FB13 /* APIClient.swift */; };
		98C5CB152F9FED5B0040FB13 /* AuthTokenStore.swift in Sources */ = {isa = PBXBuildFile; fileRef = 98C5CB112F9FED5B0040FB13 /* AuthTokenStore.swift */; };
		98C5CB162F9FED5B0040FB13 /* AuthAPI.swift in Sources */ = {isa = PBXBuildFile; fileRef = 98C5CB0F2F9FED5B0040FB13 /* AuthAPI.swift */; };
		98C5CB172F9FED5B0040FB13 /* APIConfig.swift in Sources */ = {isa = PBXBuildFile; fileRef = 98C5CB0C2F9FED5B0040FB13 /* APIConfig.swift */; };
		98C5CB182F9FED5B0040FB13 /* KeychainService.swift in Sources */ = {isa = PBXBuildFile; fileRef = 98C5CB122F9FED5B0040FB13 /* KeychainService.swift */; };
		98C5CB192F9FED5B0040FB13 /* APIEnvelope.swift in Sources */ = {isa = PBXBuildFile; fileRef = 98C5CB0D2F9FED5B0040FB13 /* APIEnvelope.swift */; };
		98C5CB1A2F9FED5B0040FB13 /* AuthService.swift in Sources */ = {isa = PBXBuildFile; fileRef = 98C5CB102F9FED5B0040FB13 /* AuthService.swift */; };
		98C5CB1B2F9FED5B0040FB13 /* APIError.swift in Sources */ = {isa = PBXBuildFile; fileRef = 98C5CB0E2F9FED5B0040FB13 /* APIError.swift */; };
		98C5CB222F9FF9990040FB13 /* AuthViewModel.swift in Sources */ = {isa = PBXBuildFile; fileRef = 98C5CB1F2F9FF9990040FB13 /* AuthViewModel.swift */; };
		98C5CB232F9FF9990040FB13 /* AuthScreen.swift in Sources */ = {isa = PBXBuildFile; fileRef = 98C5CB1C2F9FF9990040FB13 /* AuthScreen.swift */; };
		98C5CB242F9FF9990040FB13 /* EmailAuthSheet.swift in Sources */ = {isa = PBXBuildFile; fileRef = 98C5CB1D2F9FF9990040FB13 /* EmailAuthSheet.swift */; };
		990511DE47A67432439E7310 /* DietarySection.swift in Sources */ = {isa = PBXBuildFile; fileRef = 340BF196F2A7B115755663B5 /* DietarySection.swift */; };
		9D8805E455D4622C68F6366F /* RecipeRepository.swift in Sources */ = {isa = PBXBuildFile; fileRef = FFD49B4276033965998C4EC2 /* RecipeRepository.swift */; };
		9DF5BA9139BEFC56F55727E0 /* ExploreView.swift in Sources */ = {isa = PBXBuildFile; fileRef = 1F9026C31E9BCAAD352A7051 /* ExploreView.swift */; };
		A00E593144F12AB83F92CA65 /* CachedAsyncImage.swift in Sources */ = {isa = PBXBuildFile; fileRef = DEC1E4B7B78491DBC9F7BE4B /* CachedAsyncImage.swift */; };
		A19098914C65A1B43748B588 /* SuggestionDetailViewModel.swift in Sources */ = {isa = PBXBuildFile; fileRef = A9FC35DAFEBF175A17BCB780 /* SuggestionDetailViewModel.swift */; };
		A35B8A095B7721458F568C91 /* ExploreCategory.swift in Sources */ = {isa = PBXBuildFile; fileRef = 876AE1977B2EA1C5F1D0D433 /* ExploreCategory.swift */; };
		A9B7F8C64D40611A294BC95E /* SuggestionStrip.swift in Sources */ = {isa = PBXBuildFile; fileRef = F7841232DF3D1E6CBF920FF3 /* SuggestionStrip.swift */; };
		AA8F8FA84AF5FFFD8C443E07 /* CollectionDetailViewModel.swift in Sources */ = {isa = PBXBuildFile; fileRef = F7193BF3A945B1863269B8FC /* CollectionDetailViewModel.swift */; };
		ACF15AE587266760073EA985 /* RecipeDetailViewModel.swift in Sources */ = {isa = PBXBuildFile; fileRef = AAA9D375D1E624329B97681E /* RecipeDetailViewModel.swift */; };
		AFC3ECC8B0D8B54A6D6377C0 /* UserPreferences.swift in Sources */ = {isa = PBXBuildFile; fileRef = 05B43E90E82FA7BFEB63DF68 /* UserPreferences.swift */; };
		B2A199F37C7DE981C06505FF /* Assets.xcassets in Resources */ = {isa = PBXBuildFile; fileRef = 8C742614285F8B3B112F7BB3 /* Assets.xcassets */; };
		B51310C9206F137C9740077C /* AppState.swift in Sources */ = {isa = PBXBuildFile; fileRef = C90EFD1D67E9ED1C48CF5FD2 /* AppState.swift */; };
		BC8FC354190EC4074244C80C /* Editorial.swift in Sources */ = {isa = PBXBuildFile; fileRef = AB3D6CAD82CE5CC610130E80 /* Editorial.swift */; };
		BF03A4626E953025131F6FAE /* SearchResultRow.swift in Sources */ = {isa = PBXBuildFile; fileRef = E38CEE10CDFDBD6FC09119FE /* SearchResultRow.swift */; };
		BF1DFEB33EDD6F63DD633AD7 /* SaveButton.swift in Sources */ = {isa = PBXBuildFile; fileRef = 85C4391D9B81E1880495F15D /* SaveButton.swift */; };
		C261E79FCC5F8238B949027D /* Router.swift in Sources */ = {isa = PBXBuildFile; fileRef = 34D828D3D12B2054AC299735 /* Router.swift */; };
		C2B448A71909E8E78278719E /* HomeFeedSection.swift in Sources */ = {isa = PBXBuildFile; fileRef = 1F5022042E7D72543F53F46D /* HomeFeedSection.swift */; };
		C602A764AA4A7541610A7CCA /* ProfileView.swift in Sources */ = {isa = PBXBuildFile; fileRef = F613B700D56719CBF403C8BA /* ProfileView.swift */; };
		C7F37859A63102291E2BCFE2 /* NutritionBadge.swift in Sources */ = {isa = PBXBuildFile; fileRef = 46EBB1D31941797CE8DFD6C9 /* NutritionBadge.swift */; };
		CAA4BD00291A4C40F823152A /* RecipeDetailView.swift in Sources */ = {isa = PBXBuildFile; fileRef = 433DE13EB06D943A4375B95B /* RecipeDetailView.swift */; };
		CEF1B580B2A5FDE2211BB30C /* SavedItemRow.swift in Sources */ = {isa = PBXBuildFile; fileRef = DB8CE622341D4DDDCC770AA9 /* SavedItemRow.swift */; };
		D1780D7BD55143B108C087B0 /* MockSavedItemRepository.swift in Sources */ = {isa = PBXBuildFile; fileRef = A60E24CDE2C3AB81848C261D /* MockSavedItemRepository.swift */; };
		D2063DAD702572A1C0AA7877 /* ImagePipeline.swift in Sources */ = {isa = PBXBuildFile; fileRef = 9AAEA01959056C4392F50CCD /* ImagePipeline.swift */; };
		D286AD6F7CC2CB4A4413C53B /* HomeFeedRepository.swift in Sources */ = {isa = PBXBuildFile; fileRef = 39582E060658BFBE9DB472D4 /* HomeFeedRepository.swift */; };
		D2C382DB4467E4C5EB6BE42E /* View+Extensions.swift in Sources */ = {isa = PBXBuildFile; fileRef = 6D504A91B3752D6D8E2A648B /* View+Extensions.swift */; };
		D3DE1E99ACE4E3C4C5E1F4EA /* ProfileViewModel.swift in Sources */ = {isa = PBXBuildFile; fileRef = FC51148102F1C7BEB6C3249D /* ProfileViewModel.swift */; };
		D7855BF634CF80678B1389DB /* MockRecipeRepository.swift in Sources */ = {isa = PBXBuildFile; fileRef = EBFFC792E8970569C0250BF2 /* MockRecipeRepository.swift */; };
		DA363715B83BF48F474B194B /* LocalPreferencesRepository.swift in Sources */ = {isa = PBXBuildFile; fileRef = 8F92B717ED7F93165A56468F /* LocalPreferencesRepository.swift */; };
		DA9AABAF8180573DB4C5267D /* EditorialDetailView.swift in Sources */ = {isa = PBXBuildFile; fileRef = 78E3603432B8FABC3ED3E892 /* EditorialDetailView.swift */; };
		DAA5174670440B6FAD571F47 /* CollectionCard.swift in Sources */ = {isa = PBXBuildFile; fileRef = BFA21E25C11BBAF4B553CFB7 /* CollectionCard.swift */; };
		DCD23682DDC9CA42A1AD43E4 /* Route.swift in Sources */ = {isa = PBXBuildFile; fileRef = 10929483669A0A12397D5670 /* Route.swift */; };
		DF89D851BC45A4F532E2B909 /* FHShadows.swift in Sources */ = {isa = PBXBuildFile; fileRef = 9CCC09E29F61DDBDB9954D09 /* FHShadows.swift */; };
		E0383AAB7A9ECA0DBEFCA00D /* OnboardingView.swift in Sources */ = {isa = PBXBuildFile; fileRef = 6851A49B6D292CF9F11150DC /* OnboardingView.swift */; };
		E179920569D95F9E0A8CE91A /* HomeFeedView.swift in Sources */ = {isa = PBXBuildFile; fileRef = BC0DA85B1BE30127A8ED24DA /* HomeFeedView.swift */; };
		E27E8EEE1CF1AE8F692BCBE0 /* ContentDivider.swift in Sources */ = {isa = PBXBuildFile; fileRef = 66BB7F1C3BE8D9B4E2F3EF32 /* ContentDivider.swift */; };
		E6FE9B332D36B5F62085F969 /* FHTypography.swift in Sources */ = {isa = PBXBuildFile; fileRef = 301C0AF87070311EBEE1947A /* FHTypography.swift */; };
		EE040F5CE47EB4D9E58C3966 /* SuggestionRepository.swift in Sources */ = {isa = PBXBuildFile; fileRef = E8194156089629EC351F3819 /* SuggestionRepository.swift */; };
		EEFB0D656C0AECEDF44B3BD5 /* SavedItem.swift in Sources */ = {isa = PBXBuildFile; fileRef = D528B65C937CE6B99F3FACD0 /* SavedItem.swift */; };
		F5684008C591C3536A8BEC0D /* EditorialCard.swift in Sources */ = {isa = PBXBuildFile; fileRef = 647738821B13CD3DEC7F1C49 /* EditorialCard.swift */; };
		F8534A40A01124DE848DFED9 /* FHRadius.swift in Sources */ = {isa = PBXBuildFile; fileRef = D222640FBA901B46D308C0C8 /* FHRadius.swift */; };
		FD094F3A3AF2A9145E706FD6 /* Suggestion.swift in Sources */ = {isa = PBXBuildFile; fileRef = ACD85B46B737A422BCBED7D3 /* Suggestion.swift */; };
		FE01913BA0E7B7B0953C0F50 /* EditorialRepository.swift in Sources */ = {isa = PBXBuildFile; fileRef = 38231EE14533DD8C47B3B753 /* EditorialRepository.swift */; };
/* End PBXBuildFile section */

/* Begin PBXFileReference section */
		04C76F323741734C210099AD /* NutritionInfo.swift */ = {isa = PBXFileReference; lastKnownFileType = sourcecode.swift; path = NutritionInfo.swift; sourceTree = "<group>"; };
		05B43E90E82FA7BFEB63DF68 /* UserPreferences.swift */ = {isa = PBXFileReference; lastKnownFileType = sourcecode.swift; path = UserPreferences.swift; sourceTree = "<group>"; };
		06FF82D3918800D33F584E2E /* CuisinePreferencePage.swift */ = {isa = PBXFileReference; lastKnownFileType = sourcecode.swift; path = CuisinePreferencePage.swift; sourceTree = "<group>"; };
		10929483669A0A12397D5670 /* Route.swift */ = {isa = PBXFileReference; lastKnownFileType = sourcecode.swift; path = Route.swift; sourceTree = "<group>"; };
		1332CDFF719947AD6BE7851E /* FigsAndHoneyApp.swift */ = {isa = PBXFileReference; lastKnownFileType = sourcecode.swift; path = FigsAndHoneyApp.swift; sourceTree = "<group>"; };
		1800CDEE80AC0317BAEEDE14 /* CategoryGrid.swift */ = {isa = PBXFileReference; lastKnownFileType = sourcecode.swift; path = CategoryGrid.swift; sourceTree = "<group>"; };
		195F06EA239EDC997785925D /* Recipe.swift */ = {isa = PBXFileReference; lastKnownFileType = sourcecode.swift; path = Recipe.swift; sourceTree = "<group>"; };
		1B93A7988D04BFEA779F077D /* FilterChip.swift */ = {isa = PBXFileReference; lastKnownFileType = sourcecode.swift; path = FilterChip.swift; sourceTree = "<group>"; };
		1C54568B55E4193A6EF35E1C /* SavedView.swift */ = {isa = PBXFileReference; lastKnownFileType = sourcecode.swift; path = SavedView.swift; sourceTree = "<group>"; };
		1F5022042E7D72543F53F46D /* HomeFeedSection.swift */ = {isa = PBXFileReference; lastKnownFileType = sourcecode.swift; path = HomeFeedSection.swift; sourceTree = "<group>"; };
		1F9026C31E9BCAAD352A7051 /* ExploreView.swift */ = {isa = PBXFileReference; lastKnownFileType = sourcecode.swift; path = ExploreView.swift; sourceTree = "<group>"; };
		218F1505423C0ECFC36F6B7A /* suggestions.json */ = {isa = PBXFileReference; lastKnownFileType = text.json; path = suggestions.json; sourceTree = "<group>"; };
		220F44CD50A851A041B0A183 /* SuggestionTile.swift */ = {isa = PBXFileReference; lastKnownFileType = sourcecode.swift; path = SuggestionTile.swift; sourceTree = "<group>"; };
		278D66FD1E8830113C72544F /* CompletionPage.swift */ = {isa = PBXFileReference; lastKnownFileType = sourcecode.swift; path = CompletionPage.swift; sourceTree = "<group>"; };
		28E4DD725AADD5F061053C70 /* WelcomePage.swift */ = {isa = PBXFileReference; lastKnownFileType = sourcecode.swift; path = WelcomePage.swift; sourceTree = "<group>"; };
		2A00C3079BB18DA8952F3639 /* MockHomeFeedRepository.swift */ = {isa = PBXFileReference; lastKnownFileType = sourcecode.swift; path = MockHomeFeedRepository.swift; sourceTree = "<group>"; };
		2BD0149E9730F405BE441B65 /* MockUserPreferencesRepository.swift */ = {isa = PBXFileReference; lastKnownFileType = sourcecode.swift; path = MockUserPreferencesRepository.swift; sourceTree = "<group>"; };
		301C0AF87070311EBEE1947A /* FHTypography.swift */ = {isa = PBXFileReference; lastKnownFileType = sourcecode.swift; path = FHTypography.swift; sourceTree = "<group>"; };
		340BF196F2A7B115755663B5 /* DietarySection.swift */ = {isa = PBXFileReference; lastKnownFileType = sourcecode.swift; path = DietarySection.swift; sourceTree = "<group>"; };
		34D828D3D12B2054AC299735 /* Router.swift */ = {isa = PBXFileReference; lastKnownFileType = sourcecode.swift; path = Router.swift; sourceTree = "<group>"; };
		35EABD4C513E5ECBCEC7971D /* CardStyle.swift */ = {isa = PBXFileReference; lastKnownFileType = sourcecode.swift; path = CardStyle.swift; sourceTree = "<group>"; };
		36D5B84D79CF6D10898D8455 /* PreferenceToggleRow.swift */ = {isa = PBXFileReference; lastKnownFileType = sourcecode.swift; path = PreferenceToggleRow.swift; sourceTree = "<group>"; };
		3766C9AC4E33CCB047B73D5A /* SavedItemRepository.swift */ = {isa = PBXFileReference; lastKnownFileType = sourcecode.swift; path = SavedItemRepository.swift; sourceTree = "<group>"; };
		38231EE14533DD8C47B3B753 /* EditorialRepository.swift */ = {isa = PBXFileReference; lastKnownFileType = sourcecode.swift; path = EditorialRepository.swift; sourceTree = "<group>"; };
		39582E060658BFBE9DB472D4 /* HomeFeedRepository.swift */ = {isa = PBXFileReference; lastKnownFileType = sourcecode.swift; path = HomeFeedRepository.swift; sourceTree = "<group>"; };
		3A35D9466E519FD8A86B0746 /* Spectral-Medium.ttf */ = {isa = PBXFileReference; lastKnownFileType = file; path = "Spectral-Medium.ttf"; sourceTree = "<group>"; };
		3D2DA88C840BA98799E039EF /* Spectral-Regular.ttf */ = {isa = PBXFileReference; lastKnownFileType = file; path = "Spectral-Regular.ttf"; sourceTree = "<group>"; };
		3D697BAE7CE5BB85817AED9A /* collections.json */ = {isa = PBXFileReference; lastKnownFileType = text.json; path = collections.json; sourceTree = "<group>"; };
		414745094C53553EB4792C72 /* FeatureCard.swift */ = {isa = PBXFileReference; lastKnownFileType = sourcecode.swift; path = FeatureCard.swift; sourceTree = "<group>"; };
		433DE13EB06D943A4375B95B /* RecipeDetailView.swift */ = {isa = PBXFileReference; lastKnownFileType = sourcecode.swift; path = RecipeDetailView.swift; sourceTree = "<group>"; };
		44BE2EE35DF64F6C89F1550F /* EditorialSpotlightCard.swift */ = {isa = PBXFileReference; lastKnownFileType = sourcecode.swift; path = EditorialSpotlightCard.swift; sourceTree = "<group>"; };
		46EBB1D31941797CE8DFD6C9 /* NutritionBadge.swift */ = {isa = PBXFileReference; lastKnownFileType = sourcecode.swift; path = NutritionBadge.swift; sourceTree = "<group>"; };
		4AF0D6C620B89F755C5C8D1B /* FHButton.swift */ = {isa = PBXFileReference; lastKnownFileType = sourcecode.swift; path = FHButton.swift; sourceTree = "<group>"; };
		4F23877B2D426623C9FB68D5 /* InstructionStepView.swift */ = {isa = PBXFileReference; lastKnownFileType = sourcecode.swift; path = InstructionStepView.swift; sourceTree = "<group>"; };
		55F4808972016511608DEBDC /* SuggestionDetailView.swift */ = {isa = PBXFileReference; lastKnownFileType = sourcecode.swift; path = SuggestionDetailView.swift; sourceTree = "<group>"; };
		5907679ED69F356936CFB5EC /* Haptics.swift */ = {isa = PBXFileReference; lastKnownFileType = sourcecode.swift; path = Haptics.swift; sourceTree = "<group>"; };
		5E05C82C92684823A4123E41 /* HomeSectionView.swift */ = {isa = PBXFileReference; lastKnownFileType = sourcecode.swift; path = HomeSectionView.swift; sourceTree = "<group>"; };
		634C4072BB666434B52D89CE /* FeaturedCarousel.swift */ = {isa = PBXFileReference; lastKnownFileType = sourcecode.swift; path = FeaturedCarousel.swift; sourceTree = "<group>"; };
		647738821B13CD3DEC7F1C49 /* EditorialCard.swift */ = {isa = PBXFileReference; lastKnownFileType = sourcecode.swift; path = EditorialCard.swift; sourceTree = "<group>"; };
		66BB7F1C3BE8D9B4E2F3EF32 /* ContentDivider.swift */ = {isa = PBXFileReference; lastKnownFileType = sourcecode.swift; path = ContentDivider.swift; sourceTree = "<group>"; };
		66FCC30604BE4CCBC095BB19 /* SavedViewModel.swift */ = {isa = PBXFileReference; lastKnownFileType = sourcecode.swift; path = SavedViewModel.swift; sourceTree = "<group>"; };
		6851A49B6D292CF9F11150DC /* OnboardingView.swift */ = {isa = PBXFileReference; lastKnownFileType = sourcecode.swift; path = OnboardingView.swift; sourceTree = "<group>"; };
		6D504A91B3752D6D8E2A648B /* View+Extensions.swift */ = {isa = PBXFileReference; lastKnownFileType = sourcecode.swift; path = "View+Extensions.swift"; sourceTree = "<group>"; };
		78E3603432B8FABC3ED3E892 /* EditorialDetailView.swift */ = {isa = PBXFileReference; lastKnownFileType = sourcecode.swift; path = EditorialDetailView.swift; sourceTree = "<group>"; };
		7AEEDECF3E101480AB2A4BBD /* MockEditorialRepository.swift */ = {isa = PBXFileReference; lastKnownFileType = sourcecode.swift; path = MockEditorialRepository.swift; sourceTree = "<group>"; };
		829B809A6186865E7058E42E /* OnboardingViewModel.swift */ = {isa = PBXFileReference; lastKnownFileType = sourcecode.swift; path = OnboardingViewModel.swift; sourceTree = "<group>"; };
		84CA2396AC0EB2759611D127 /* HomeFeedViewModel.swift */ = {isa = PBXFileReference; lastKnownFileType = sourcecode.swift; path = HomeFeedViewModel.swift; sourceTree = "<group>"; };
		85C4391D9B81E1880495F15D /* SaveButton.swift */ = {isa = PBXFileReference; lastKnownFileType = sourcecode.swift; path = SaveButton.swift; sourceTree = "<group>"; };
		876AE1977B2EA1C5F1D0D433 /* ExploreCategory.swift */ = {isa = PBXFileReference; lastKnownFileType = sourcecode.swift; path = ExploreCategory.swift; sourceTree = "<group>"; };
		8928D326CDE19B9F6A90D323 /* Collection.swift */ = {isa = PBXFileReference; lastKnownFileType = sourcecode.swift; path = Collection.swift; sourceTree = "<group>"; };
		8C742614285F8B3B112F7BB3 /* Assets.xcassets */ = {isa = PBXFileReference; lastKnownFileType = folder.assetcatalog; path = Assets.xcassets; sourceTree = "<group>"; };
		8C7E82D58AC654EB5D13BE7A /* TrendingSection.swift */ = {isa = PBXFileReference; lastKnownFileType = sourcecode.swift; path = TrendingSection.swift; sourceTree = "<group>"; };
		8F92B717ED7F93165A56468F /* LocalPreferencesRepository.swift */ = {isa = PBXFileReference; lastKnownFileType = sourcecode.swift; path = LocalPreferencesRepository.swift; sourceTree = "<group>"; };
		96AC77C449716F186CEB21E7 /* MockCollectionRepository.swift */ = {isa = PBXFileReference; lastKnownFileType = sourcecode.swift; path = MockCollectionRepository.swift; sourceTree = "<group>"; };
		98BC03901D62A8C94349B916 /* ImageCache.swift */ = {isa = PBXFileReference; lastKnownFileType = sourcecode.swift; path = ImageCache.swift; sourceTree = "<group>"; };
		98C5CB0B2F9FED5B0040FB13 /* APIClient.swift */ = {isa = PBXFileReference; lastKnownFileType = sourcecode.swift; path = APIClient.swift; sourceTree = "<group>"; };
		98C5CB0C2F9FED5B0040FB13 /* APIConfig.swift */ = {isa = PBXFileReference; lastKnownFileType = sourcecode.swift; path = APIConfig.swift; sourceTree = "<group>"; };
		98C5CB0D2F9FED5B0040FB13 /* APIEnvelope.swift */ = {isa = PBXFileReference; lastKnownFileType = sourcecode.swift; path = APIEnvelope.swift; sourceTree = "<group>"; };
		98C5CB0E2F9FED5B0040FB13 /* APIError.swift */ = {isa = PBXFileReference; lastKnownFileType = sourcecode.swift; path = APIError.swift; sourceTree = "<group>"; };
		98C5CB0F2F9FED5B0040FB13 /* AuthAPI.swift */ = {isa = PBXFileReference; lastKnownFileType = sourcecode.swift; path = AuthAPI.swift; sourceTree = "<group>"; };
		98C5CB102F9FED5B0040FB13 /* AuthService.swift */ = {isa = PBXFileReference; lastKnownFileType = sourcecode.swift; path = AuthService.swift; sourceTree = "<group>"; };
		98C5CB112F9FED5B0040FB13 /* AuthTokenStore.swift */ = {isa = PBXFileReference; lastKnownFileType = sourcecode.swift; path = AuthTokenStore.swift; sourceTree = "<group>"; };
		98C5CB122F9FED5B0040FB13 /* KeychainService.swift */ = {isa = PBXFileReference; lastKnownFileType = sourcecode.swift; path = KeychainService.swift; sourceTree = "<group>"; };
		98C5CB1C2F9FF9990040FB13 /* AuthScreen.swift */ = {isa = PBXFileReference; lastKnownFileType = sourcecode.swift; path = AuthScreen.swift; sourceTree = "<group>"; };
		98C5CB1D2F9FF9990040FB13 /* EmailAuthSheet.swift */ = {isa = PBXFileReference; lastKnownFileType = sourcecode.swift; path = EmailAuthSheet.swift; sourceTree = "<group>"; };
		98C5CB1F2F9FF9990040FB13 /* AuthViewModel.swift */ = {isa = PBXFileReference; lastKnownFileType = sourcecode.swift; path = AuthViewModel.swift; sourceTree = "<group>"; };
		9AAEA01959056C4392F50CCD /* ImagePipeline.swift */ = {isa = PBXFileReference; lastKnownFileType = sourcecode.swift; path = ImagePipeline.swift; sourceTree = "<group>"; };
		9CCC09E29F61DDBDB9954D09 /* FHShadows.swift */ = {isa = PBXFileReference; lastKnownFileType = sourcecode.swift; path = FHShadows.swift; sourceTree = "<group>"; };
		9D0750F261C1459509B8854D /* FHSpacing.swift */ = {isa = PBXFileReference; lastKnownFileType = sourcecode.swift; path = FHSpacing.swift; sourceTree = "<group>"; };
		A215BC2F44EE0D4D8D2FFDDB /* Ingredient.swift */ = {isa = PBXFileReference; lastKnownFileType = sourcecode.swift; path = Ingredient.swift; sourceTree = "<group>"; };
		A5791A7DF5E4F399F16832A6 /* MockSuggestionRepository.swift */ = {isa = PBXFileReference; lastKnownFileType = sourcecode.swift; path = MockSuggestionRepository.swift; sourceTree = "<group>"; };
		A60E24CDE2C3AB81848C261D /* MockSavedItemRepository.swift */ = {isa = PBXFileReference; lastKnownFileType = sourcecode.swift; path = MockSavedItemRepository.swift; sourceTree = "<group>"; };
		A7280269E40FE2E4D7CAAEE9 /* CollectionRepository.swift */ = {isa = PBXFileReference; lastKnownFileType = sourcecode.swift; path = CollectionRepository.swift; sourceTree = "<group>"; };
		A9FC35DAFEBF175A17BCB780 /* SuggestionDetailViewModel.swift */ = {isa = PBXFileReference; lastKnownFileType = sourcecode.swift; path = SuggestionDetailViewModel.swift; sourceTree = "<group>"; };
		AAA9D375D1E624329B97681E /* RecipeDetailViewModel.swift */ = {isa = PBXFileReference; lastKnownFileType = sourcecode.swift; path = RecipeDetailViewModel.swift; sourceTree = "<group>"; };
		AB3D6CAD82CE5CC610130E80 /* Editorial.swift */ = {isa = PBXFileReference; lastKnownFileType = sourcecode.swift; path = Editorial.swift; sourceTree = "<group>"; };
		AB5D89A162AA729A1F73FBA7 /* RelatedContentRow.swift */ = {isa = PBXFileReference; lastKnownFileType = sourcecode.swift; path = RelatedContentRow.swift; sourceTree = "<group>"; };
		ACD85B46B737A422BCBED7D3 /* Suggestion.swift */ = {isa = PBXFileReference; lastKnownFileType = sourcecode.swift; path = Suggestion.swift; sourceTree = "<group>"; };
		ADECCFC5FF7C180E897EC6A2 /* Spectral-Italic.ttf */ = {isa = PBXFileReference; lastKnownFileType = file; path = "Spectral-Italic.ttf"; sourceTree = "<group>"; };
		B376A6650CB9C2043A5B68C0 /* UserPreferencesRepository.swift */ = {isa = PBXFileReference; lastKnownFileType = sourcecode.swift; path = UserPreferencesRepository.swift; sourceTree = "<group>"; };
		B63A2C61807C09723973CC8D /* DietaryPreferencePage.swift */ = {isa = PBXFileReference; lastKnownFileType = sourcecode.swift; path = DietaryPreferencePage.swift; sourceTree = "<group>"; };
		B9DB3FD02A14A3A76C2E6129 /* Author.swift */ = {isa = PBXFileReference; lastKnownFileType = sourcecode.swift; path = Author.swift; sourceTree = "<group>"; };
		BB1DCD5910015E7BD4BC56CF /* AppTabView.swift */ = {isa = PBXFileReference; lastKnownFileType = sourcecode.swift; path = AppTabView.swift; sourceTree = "<group>"; };
		BC0DA85B1BE30127A8ED24DA /* HomeFeedView.swift */ = {isa = PBXFileReference; lastKnownFileType = sourcecode.swift; path = HomeFeedView.swift; sourceTree = "<group>"; };
		BCEAEC22D125E9438F355B41 /* Info.plist */ = {isa = PBXFileReference; lastKnownFileType = text.plist.xml; path = Info.plist; sourceTree = "<group>"; };
		BFA21E25C11BBAF4B553CFB7 /* CollectionCard.swift */ = {isa = PBXFileReference; lastKnownFileType = sourcecode.swift; path = CollectionCard.swift; sourceTree = "<group>"; };
		C2B8B1DE8214AEAA3B97C946 /* FHColors.swift */ = {isa = PBXFileReference; lastKnownFileType = sourcecode.swift; path = FHColors.swift; sourceTree = "<group>"; };
		C843A51332EB80DE2CD904F8 /* Spectral-SemiBold.ttf */ = {isa = PBXFileReference; lastKnownFileType = file; path = "Spectral-SemiBold.ttf"; sourceTree = "<group>"; };
		C90EFD1D67E9ED1C48CF5FD2 /* AppState.swift */ = {isa = PBXFileReference; lastKnownFileType = sourcecode.swift; path = AppState.swift; sourceTree = "<group>"; };
		CD8BE38BA7B10E3DABF2F28A /* MetadataPill.swift */ = {isa = PBXFileReference; lastKnownFileType = sourcecode.swift; path = MetadataPill.swift; sourceTree = "<group>"; };
		CEC5984AE02A441D6AE7BE7A /* MockDataLoader.swift */ = {isa = PBXFileReference; lastKnownFileType = sourcecode.swift; path = MockDataLoader.swift; sourceTree = "<group>"; };
		D0A53E1668F48E0CBDDDB64E /* RecipeRow.swift */ = {isa = PBXFileReference; lastKnownFileType = sourcecode.swift; path = RecipeRow.swift; sourceTree = "<group>"; };
		D0E4F5379C8F9E19769875E3 /* CollectionRow.swift */ = {isa = PBXFileReference; lastKnownFileType = sourcecode.swift; path = CollectionRow.swift; sourceTree = "<group>"; };
		D222640FBA901B46D308C0C8 /* FHRadius.swift */ = {isa = PBXFileReference; lastKnownFileType = sourcecode.swift; path = FHRadius.swift; sourceTree = "<group>"; };
		D2DF9C4C2AA04BC6DDE430F9 /* EditorialBlockView.swift */ = {isa = PBXFileReference; lastKnownFileType = sourcecode.swift; path = EditorialBlockView.swift; sourceTree = "<group>"; };
		D312050D355FC3DDDA6434D0 /* HeroHeaderView.swift */ = {isa = PBXFileReference; lastKnownFileType = sourcecode.swift; path = HeroHeaderView.swift; sourceTree = "<group>"; };
		D528B65C937CE6B99F3FACD0 /* SavedItem.swift */ = {isa = PBXFileReference; lastKnownFileType = sourcecode.swift; path = SavedItem.swift; sourceTree = "<group>"; };
		D6EECEC3CAD086CF79FDFC3C /* DependencyContainer.swift */ = {isa = PBXFileReference; lastKnownFileType = sourcecode.swift; path = DependencyContainer.swift; sourceTree = "<group>"; };
		DA6177A68E8AEC2852F5B0CC /* SectionHeader.swift */ = {isa = PBXFileReference; lastKnownFileType = sourcecode.swift; path = SectionHeader.swift; sourceTree = "<group>"; };
		DB8CE622341D4DDDCC770AA9 /* SavedItemRow.swift */ = {isa = PBXFileReference; lastKnownFileType = sourcecode.swift; path = SavedItemRow.swift; sourceTree = "<group>"; };
		DEC1E4B7B78491DBC9F7BE4B /* CachedAsyncImage.swift */ = {isa = PBXFileReference; lastKnownFileType = sourcecode.swift; path = CachedAsyncImage.swift; sourceTree = "<group>"; };
		DEF08A97CDEF8D6034162FDA /* IngredientListView.swift */ = {isa = PBXFileReference; lastKnownFileType = sourcecode.swift; path = IngredientListView.swift; sourceTree = "<group>"; };
		DFD8836696E9C7F43E4C17B5 /* recipes.json */ = {isa = PBXFileReference; lastKnownFileType = text.json; path = recipes.json; sourceTree = "<group>"; };
		E38CEE10CDFDBD6FC09119FE /* SearchResultRow.swift */ = {isa = PBXFileReference; lastKnownFileType = sourcecode.swift; path = SearchResultRow.swift; sourceTree = "<group>"; };
		E8194156089629EC351F3819 /* SuggestionRepository.swift */ = {isa = PBXFileReference; lastKnownFileType = sourcecode.swift; path = SuggestionRepository.swift; sourceTree = "<group>"; };
		E828159F3CCF12E1DB7E9072 /* CollectionDetailView.swift */ = {isa = PBXFileReference; lastKnownFileType = sourcecode.swift; path = CollectionDetailView.swift; sourceTree = "<group>"; };
		E85A35B3716E779F02D223E7 /* Spectral-Bold.ttf */ = {isa = PBXFileReference; lastKnownFileType = file; path = "Spectral-Bold.ttf"; sourceTree = "<group>"; };
		E966E7AC4F94F2890329D258 /* LocalSavedItemRepository.swift */ = {isa = PBXFileReference; lastKnownFileType = sourcecode.swift; path = LocalSavedItemRepository.swift; sourceTree = "<group>"; };
		EBFFC792E8970569C0250BF2 /* MockRecipeRepository.swift */ = {isa = PBXFileReference; lastKnownFileType = sourcecode.swift; path = MockRecipeRepository.swift; sourceTree = "<group>"; };
		EE3FFB953C4FA27326CF3EB6 /* EmptyStateView.swift */ = {isa = PBXFileReference; lastKnownFileType = sourcecode.swift; path = EmptyStateView.swift; sourceTree = "<group>"; };
		F2567F858D390E8101BE57D7 /* AboutSection.swift */ = {isa = PBXFileReference; lastKnownFileType = sourcecode.swift; path = AboutSection.swift; sourceTree = "<group>"; };
		F3176C14352477B9334F1EEA /* RecipeCard.swift */ = {isa = PBXFileReference; lastKnownFileType = sourcecode.swift; path = RecipeCard.swift; sourceTree = "<group>"; };
		F5BF48AA40CAD7891EB709FC /* Figs and Honey.app */ = {isa = PBXFileReference; explicitFileType = wrapper.application; includeInIndex = 0; path = "Figs and Honey.app"; sourceTree = BUILT_PRODUCTS_DIR; };
		F613B700D56719CBF403C8BA /* ProfileView.swift */ = {isa = PBXFileReference; lastKnownFileType = sourcecode.swift; path = ProfileView.swift; sourceTree = "<group>"; };
		F7193BF3A945B1863269B8FC /* CollectionDetailViewModel.swift */ = {isa = PBXFileReference; lastKnownFileType = sourcecode.swift; path = CollectionDetailViewModel.swift; sourceTree = "<group>"; };
		F7841232DF3D1E6CBF920FF3 /* SuggestionStrip.swift */ = {isa = PBXFileReference; lastKnownFileType = sourcecode.swift; path = SuggestionStrip.swift; sourceTree = "<group>"; };
		FC51148102F1C7BEB6C3249D /* ProfileViewModel.swift */ = {isa = PBXFileReference; lastKnownFileType = sourcecode.swift; path = ProfileViewModel.swift; sourceTree = "<group>"; };
		FCD4D4D8258ACB94639BC90A /* EditorialDetailViewModel.swift */ = {isa = PBXFileReference; lastKnownFileType = sourcecode.swift; path = EditorialDetailViewModel.swift; sourceTree = "<group>"; };
		FE1EF40176BFEDCCFB2DE22E /* editorials.json */ = {isa = PBXFileReference; lastKnownFileType = text.json; path = editorials.json; sourceTree = "<group>"; };
		FE36356AAD04FDFFB0334FBA /* Tag.swift */ = {isa = PBXFileReference; lastKnownFileType = sourcecode.swift; path = Tag.swift; sourceTree = "<group>"; };
		FF9573BB74EDAA8596C0F5B9 /* ExploreViewModel.swift */ = {isa = PBXFileReference; lastKnownFileType = sourcecode.swift; path = ExploreViewModel.swift; sourceTree = "<group>"; };
		FFD49B4276033965998C4EC2 /* RecipeRepository.swift */ = {isa = PBXFileReference; lastKnownFileType = sourcecode.swift; path = RecipeRepository.swift; sourceTree = "<group>"; };
/* End PBXFileReference section */

/* Begin PBXFrameworksBuildPhase section */
		15F41ACC17D5CE8E91B3B358 /* Frameworks */ = {
			isa = PBXFrameworksBuildPhase;
			buildActionMask = 2147483647;
			files = (
			);
			runOnlyForDeploymentPostprocessing = 0;
		};
/* End PBXFrameworksBuildPhase section */

/* Begin PBXGroup section */
		059C04BC8C5E9D373FB07BBC /* Persistence */ = {
			isa = PBXGroup;
			children = (
				8F92B717ED7F93165A56468F /* LocalPreferencesRepository.swift */,
				E966E7AC4F94F2890329D258 /* LocalSavedItemRepository.swift */,
			);
			path = Persistence;
			sourceTree = "<group>";
		};
		11DFAA84125A4BA81ECB1585 /* Saved */ = {
			isa = PBXGroup;
			children = (
				791DFDE279926B358CB5DC2C /* Components */,
				6BC5F5FFF34F83332CC96CC3 /* View */,
				89E4602564A48A6ABC9A895B /* ViewModel */,
			);
			path = Saved;
			sourceTree = "<group>";
		};
		180CF90449A0D170005C28C7 /* ImageLoading */ = {
			isa = PBXGroup;
			children = (
				DEC1E4B7B78491DBC9F7BE4B /* CachedAsyncImage.swift */,
				98BC03901D62A8C94349B916 /* ImageCache.swift */,
				9AAEA01959056C4392F50CCD /* ImagePipeline.swift */,
			);
			path = ImageLoading;
			sourceTree = "<group>";
		};
		1A2E85BA452EAB916FA89C92 /* Components */ = {
			isa = PBXGroup;
			children = (
				FD2EFE7EABBB149EC37084AA /* Buttons */,
				9CD34C3E2021E6002B92B6D5 /* Cards */,
				6E4BA32956C8B7E87F399440 /* Layout */,
				C1A55F9B180360B61A94761C /* Navigation */,
			);
			path = Components;
			sourceTree = "<group>";
		};
		25A60075CEB57E71AC6CA049 /* Protocols */ = {
			isa = PBXGroup;
			children = (
				A7280269E40FE2E4D7CAAEE9 /* CollectionRepository.swift */,
				38231EE14533DD8C47B3B753 /* EditorialRepository.swift */,
				39582E060658BFBE9DB472D4 /* HomeFeedRepository.swift */,
				FFD49B4276033965998C4EC2 /* RecipeRepository.swift */,
				3766C9AC4E33CCB047B73D5A /* SavedItemRepository.swift */,
				E8194156089629EC351F3819 /* SuggestionRepository.swift */,
				B376A6650CB9C2043A5B68C0 /* UserPreferencesRepository.swift */,
			);
			path = Protocols;
			sourceTree = "<group>";
		};
		264042262ED2884B77D38EBA /* Services */ = {
			isa = PBXGroup;
			children = (
				98C5CB132F9FED5B0040FB13 /* Network */,
				6BDD5022784561D8C64F220F /* Mock */,
				059C04BC8C5E9D373FB07BBC /* Persistence */,
			);
			path = Services;
			sourceTree = "<group>";
		};
		2BBF5B392EB3DCE75CCC3DC4 /* MockData */ = {
			isa = PBXGroup;
			children = (
				3D697BAE7CE5BB85817AED9A /* collections.json */,
				FE1EF40176BFEDCCFB2DE22E /* editorials.json */,
				DFD8836696E9C7F43E4C17B5 /* recipes.json */,
				218F1505423C0ECFC36F6B7A /* suggestions.json */,
			);
			path = MockData;
			sourceTree = "<group>";
		};
		2EC66084742C7CAB1B1DC34E /* View */ = {
			isa = PBXGroup;
			children = (
				E828159F3CCF12E1DB7E9072 /* CollectionDetailView.swift */,
				78E3603432B8FABC3ED3E892 /* EditorialDetailView.swift */,
				433DE13EB06D943A4375B95B /* RecipeDetailView.swift */,
				55F4808972016511608DEBDC /* SuggestionDetailView.swift */,
			);
			path = View;
			sourceTree = "<group>";
		};
		2F58D364057D3EDC00A276D6 = {
			isa = PBXGroup;
			children = (
				9D5277D336F8821420BCBE2E /* FigsAndHoney */,
				9F0DEE8F0E6A6B46C8119765 /* Products */,
			);
			sourceTree = "<group>";
		};
		2FD5B091457478876F1EE73F /* Fonts */ = {
			isa = PBXGroup;
			children = (
				E85A35B3716E779F02D223E7 /* Spectral-Bold.ttf */,
				ADECCFC5FF7C180E897EC6A2 /* Spectral-Italic.ttf */,
				3A35D9466E519FD8A86B0746 /* Spectral-Medium.ttf */,
				3D2DA88C840BA98799E039EF /* Spectral-Regular.ttf */,
				C843A51332EB80DE2CD904F8 /* Spectral-SemiBold.ttf */,
			);
			path = Fonts;
			sourceTree = "<group>";
		};
		321115585F907869E7775CC2 /* Onboarding */ = {
			isa = PBXGroup;
			children = (
				35EE9BAD10BBA1081796A24D /* Pages */,
				787ECA703968E28B18F12E69 /* View */,
				8C62341E8BA34E84B23EFF8E /* ViewModel */,
			);
			path = Onboarding;
			sourceTree = "<group>";
		};
		35EE9BAD10BBA1081796A24D /* Pages */ = {
			isa = PBXGroup;
			children = (
				278D66FD1E8830113C72544F /* CompletionPage.swift */,
				06FF82D3918800D33F584E2E /* CuisinePreferencePage.swift */,
				B63A2C61807C09723973CC8D /* DietaryPreferencePage.swift */,
				28E4DD725AADD5F061053C70 /* WelcomePage.swift */,
			);
			path = Pages;
			sourceTree = "<group>";
		};
		39B3DE7279C730B2FA14D4FF /* View */ = {
			isa = PBXGroup;
			children = (
				BC0DA85B1BE30127A8ED24DA /* HomeFeedView.swift */,
			);
			path = View;
			sourceTree = "<group>";
		};
		3AC63261843F550EC866FE90 /* Utilities */ = {
			isa = PBXGroup;
			children = (
				5907679ED69F356936CFB5EC /* Haptics.swift */,
			);
			path = Utilities;
			sourceTree = "<group>";
		};
		3AFDB7D39C28CCFB69296445 /* DesignSystem */ = {
			isa = PBXGroup;
			children = (
				1A2E85BA452EAB916FA89C92 /* Components */,
				748344D1932715A8B28399EE /* Modifiers */,
				B5871CCE65B99E9CD5102DE6 /* Tokens */,
			);
			path = DesignSystem;
			sourceTree = "<group>";
		};
		418C24B135127E24282600E0 /* Detail */ = {
			isa = PBXGroup;
			children = (
				97C6EE929B4127655FD26C00 /* Components */,
				2EC66084742C7CAB1B1DC34E /* View */,
				748809E9571CCB887222EEE1 /* ViewModel */,
			);
			path = Detail;
			sourceTree = "<group>";
		};
		4C1CD312E3936B8A59BA963A /* Models */ = {
			isa = PBXGroup;
			children = (
				B9DB3FD02A14A3A76C2E6129 /* Author.swift */,
				8928D326CDE19B9F6A90D323 /* Collection.swift */,
				AB3D6CAD82CE5CC610130E80 /* Editorial.swift */,
				1F5022042E7D72543F53F46D /* HomeFeedSection.swift */,
				A215BC2F44EE0D4D8D2FFDDB /* Ingredient.swift */,
				04C76F323741734C210099AD /* NutritionInfo.swift */,
				195F06EA239EDC997785925D /* Recipe.swift */,
				D528B65C937CE6B99F3FACD0 /* SavedItem.swift */,
				ACD85B46B737A422BCBED7D3 /* Suggestion.swift */,
				FE36356AAD04FDFFB0334FBA /* Tag.swift */,
				05B43E90E82FA7BFEB63DF68 /* UserPreferences.swift */,
			);
			path = Models;
			sourceTree = "<group>";
		};
		53B2733BB191C20AE1ACEBE9 /* Components */ = {
			isa = PBXGroup;
			children = (
				D0E4F5379C8F9E19769875E3 /* CollectionRow.swift */,
				D2DF9C4C2AA04BC6DDE430F9 /* EditorialBlockView.swift */,
				634C4072BB666434B52D89CE /* FeaturedCarousel.swift */,
				5E05C82C92684823A4123E41 /* HomeSectionView.swift */,
				D0A53E1668F48E0CBDDDB64E /* RecipeRow.swift */,
				F7841232DF3D1E6CBF920FF3 /* SuggestionStrip.swift */,
			);
			path = Components;
			sourceTree = "<group>";
		};
		6B62FD7F8E181D5927C4BCBB /* Navigation */ = {
			isa = PBXGroup;
			children = (
				10929483669A0A12397D5670 /* Route.swift */,
				34D828D3D12B2054AC299735 /* Router.swift */,
			);
			path = Navigation;
			sourceTree = "<group>";
		};
		6BC5F5FFF34F83332CC96CC3 /* View */ = {
			isa = PBXGroup;
			children = (
				1C54568B55E4193A6EF35E1C /* SavedView.swift */,
			);
			path = View;
			sourceTree = "<group>";
		};
		6BDD5022784561D8C64F220F /* Mock */ = {
			isa = PBXGroup;
			children = (
				96AC77C449716F186CEB21E7 /* MockCollectionRepository.swift */,
				CEC5984AE02A441D6AE7BE7A /* MockDataLoader.swift */,
				7AEEDECF3E101480AB2A4BBD /* MockEditorialRepository.swift */,
				2A00C3079BB18DA8952F3639 /* MockHomeFeedRepository.swift */,
				EBFFC792E8970569C0250BF2 /* MockRecipeRepository.swift */,
				A60E24CDE2C3AB81848C261D /* MockSavedItemRepository.swift */,
				A5791A7DF5E4F399F16832A6 /* MockSuggestionRepository.swift */,
				2BD0149E9730F405BE441B65 /* MockUserPreferencesRepository.swift */,
			);
			path = Mock;
			sourceTree = "<group>";
		};
		6E4BA32956C8B7E87F399440 /* Layout */ = {
			isa = PBXGroup;
			children = (
				66BB7F1C3BE8D9B4E2F3EF32 /* ContentDivider.swift */,
				D312050D355FC3DDDA6434D0 /* HeroHeaderView.swift */,
				CD8BE38BA7B10E3DABF2F28A /* MetadataPill.swift */,
			);
			path = Layout;
			sourceTree = "<group>";
		};
		748344D1932715A8B28399EE /* Modifiers */ = {
			isa = PBXGroup;
			children = (
				35EABD4C513E5ECBCEC7971D /* CardStyle.swift */,
			);
			path = Modifiers;
			sourceTree = "<group>";
		};
		748809E9571CCB887222EEE1 /* ViewModel */ = {
			isa = PBXGroup;
			children = (
				F7193BF3A945B1863269B8FC /* CollectionDetailViewModel.swift */,
				FCD4D4D8258ACB94639BC90A /* EditorialDetailViewModel.swift */,
				AAA9D375D1E624329B97681E /* RecipeDetailViewModel.swift */,
				A9FC35DAFEBF175A17BCB780 /* SuggestionDetailViewModel.swift */,
			);
			path = ViewModel;
			sourceTree = "<group>";
		};
		751C4AA2AF0D7C6E43698974 /* App */ = {
			isa = PBXGroup;
			children = (
				C90EFD1D67E9ED1C48CF5FD2 /* AppState.swift */,
				BB1DCD5910015E7BD4BC56CF /* AppTabView.swift */,
				D6EECEC3CAD086CF79FDFC3C /* DependencyContainer.swift */,
				1332CDFF719947AD6BE7851E /* FigsAndHoneyApp.swift */,
			);
			path = App;
			sourceTree = "<group>";
		};
		787ECA703968E28B18F12E69 /* View */ = {
			isa = PBXGroup;
			children = (
				6851A49B6D292CF9F11150DC /* OnboardingView.swift */,
			);
			path = View;
			sourceTree = "<group>";
		};
		791DFDE279926B358CB5DC2C /* Components */ = {
			isa = PBXGroup;
			children = (
				EE3FFB953C4FA27326CF3EB6 /* EmptyStateView.swift */,
				DB8CE622341D4DDDCC770AA9 /* SavedItemRow.swift */,
			);
			path = Components;
			sourceTree = "<group>";
		};
		82302F27DAEB6D925E073F8E /* ViewModel */ = {
			isa = PBXGroup;
			children = (
				FC51148102F1C7BEB6C3249D /* ProfileViewModel.swift */,
			);
			path = ViewModel;
			sourceTree = "<group>";
		};
		8362E86C24019BAA7830CD78 /* Components */ = {
			isa = PBXGroup;
			children = (
				F2567F858D390E8101BE57D7 /* AboutSection.swift */,
				340BF196F2A7B115755663B5 /* DietarySection.swift */,
				36D5B84D79CF6D10898D8455 /* PreferenceToggleRow.swift */,
			);
			path = Components;
			sourceTree = "<group>";
		};
		881D9A3330385E27193461C2 /* Explore */ = {
			isa = PBXGroup;
			children = (
				93F10C61911651BEF05CAD92 /* Components */,
				AF75C547981693A32D2EB042 /* Model */,
				96C218565E7964156A677CE8 /* View */,
				B97A23B977FB96F7B8496DEC /* ViewModel */,
			);
			path = Explore;
			sourceTree = "<group>";
		};
		89E4602564A48A6ABC9A895B /* ViewModel */ = {
			isa = PBXGroup;
			children = (
				66FCC30604BE4CCBC095BB19 /* SavedViewModel.swift */,
			);
			path = ViewModel;
			sourceTree = "<group>";
		};
		8C62341E8BA34E84B23EFF8E /* ViewModel */ = {
			isa = PBXGroup;
			children = (
				829B809A6186865E7058E42E /* OnboardingViewModel.swift */,
			);
			path = ViewModel;
			sourceTree = "<group>";
		};
		93F10C61911651BEF05CAD92 /* Components */ = {
			isa = PBXGroup;
			children = (
				1800CDEE80AC0317BAEEDE14 /* CategoryGrid.swift */,
				E38CEE10CDFDBD6FC09119FE /* SearchResultRow.swift */,
				8C7E82D58AC654EB5D13BE7A /* TrendingSection.swift */,
			);
			path = Components;
			sourceTree = "<group>";
		};
		96C218565E7964156A677CE8 /* View */ = {
			isa = PBXGroup;
			children = (
				1F9026C31E9BCAAD352A7051 /* ExploreView.swift */,
			);
			path = View;
			sourceTree = "<group>";
		};
		97C6EE929B4127655FD26C00 /* Components */ = {
			isa = PBXGroup;
			children = (
				DEF08A97CDEF8D6034162FDA /* IngredientListView.swift */,
				4F23877B2D426623C9FB68D5 /* InstructionStepView.swift */,
				46EBB1D31941797CE8DFD6C9 /* NutritionBadge.swift */,
				AB5D89A162AA729A1F73FBA7 /* RelatedContentRow.swift */,
			);
			path = Components;
			sourceTree = "<group>";
		};
		98C5CB132F9FED5B0040FB13 /* Network */ = {
			isa = PBXGroup;
			children = (
				98C5CB0B2F9FED5B0040FB13 /* APIClient.swift */,
				98C5CB0C2F9FED5B0040FB13 /* APIConfig.swift */,
				98C5CB0D2F9FED5B0040FB13 /* APIEnvelope.swift */,
				98C5CB0E2F9FED5B0040FB13 /* APIError.swift */,
				98C5CB0F2F9FED5B0040FB13 /* AuthAPI.swift */,
				98C5CB102F9FED5B0040FB13 /* AuthService.swift */,
				98C5CB112F9FED5B0040FB13 /* AuthTokenStore.swift */,
				98C5CB122F9FED5B0040FB13 /* KeychainService.swift */,
			);
			path = Network;
			sourceTree = "<group>";
		};
		98C5CB1E2F9FF9990040FB13 /* View */ = {
			isa = PBXGroup;
			children = (
				98C5CB1C2F9FF9990040FB13 /* AuthScreen.swift */,
				98C5CB1D2F9FF9990040FB13 /* EmailAuthSheet.swift */,
			);
			path = View;
			sourceTree = "<group>";
		};
		98C5CB202F9FF9990040FB13 /* ViewModel */ = {
			isa = PBXGroup;
			children = (
				98C5CB1F2F9FF9990040FB13 /* AuthViewModel.swift */,
			);
			path = ViewModel;
			sourceTree = "<group>";
		};
		98C5CB212F9FF9990040FB13 /* Auth */ = {
			isa = PBXGroup;
			children = (
				98C5CB1E2F9FF9990040FB13 /* View */,
				98C5CB202F9FF9990040FB13 /* ViewModel */,
			);
			path = Auth;
			sourceTree = "<group>";
		};
		9A9763D415ED5F36BF4856E2 /* View */ = {
			isa = PBXGroup;
			children = (
				F613B700D56719CBF403C8BA /* ProfileView.swift */,
			);
			path = View;
			sourceTree = "<group>";
		};
		9CD34C3E2021E6002B92B6D5 /* Cards */ = {
			isa = PBXGroup;
			children = (
				BFA21E25C11BBAF4B553CFB7 /* CollectionCard.swift */,
				647738821B13CD3DEC7F1C49 /* EditorialCard.swift */,
				44BE2EE35DF64F6C89F1550F /* EditorialSpotlightCard.swift */,
				414745094C53553EB4792C72 /* FeatureCard.swift */,
				F3176C14352477B9334F1EEA /* RecipeCard.swift */,
				220F44CD50A851A041B0A183 /* SuggestionTile.swift */,
			);
			path = Cards;
			sourceTree = "<group>";
		};
		9D5277D336F8821420BCBE2E /* FigsAndHoney */ = {
			isa = PBXGroup;
			children = (
				751C4AA2AF0D7C6E43698974 /* App */,
				DEADB26D1F7D04FC43B94B18 /* Core */,
				3AFDB7D39C28CCFB69296445 /* DesignSystem */,
				D90B2B603BDDCCB34F44B71F /* Features */,
				BB1AD1B50D48B6312C884FC4 /* Resources */,
				F3F4D02A132576F0B4CCF56B /* Shared */,
				BCEAEC22D125E9438F355B41 /* Info.plist */,
			);
			path = FigsAndHoney;
			sourceTree = "<group>";
		};
		9F0DEE8F0E6A6B46C8119765 /* Products */ = {
			isa = PBXGroup;
			children = (
				F5BF48AA40CAD7891EB709FC /* Figs and Honey.app */,
			);
			name = Products;
			sourceTree = "<group>";
		};
		AB51043CB7E9CAF89392929F /* Home */ = {
			isa = PBXGroup;
			children = (
				53B2733BB191C20AE1ACEBE9 /* Components */,
				39B3DE7279C730B2FA14D4FF /* View */,
				BAF8328133B624603A066FD0 /* ViewModel */,
			);
			path = Home;
			sourceTree = "<group>";
		};
		AF75C547981693A32D2EB042 /* Model */ = {
			isa = PBXGroup;
			children = (
				876AE1977B2EA1C5F1D0D433 /* ExploreCategory.swift */,
			);
			path = Model;
			sourceTree = "<group>";
		};
		B5871CCE65B99E9CD5102DE6 /* Tokens */ = {
			isa = PBXGroup;
			children = (
				C2B8B1DE8214AEAA3B97C946 /* FHColors.swift */,
				D222640FBA901B46D308C0C8 /* FHRadius.swift */,
				9CCC09E29F61DDBDB9954D09 /* FHShadows.swift */,
				9D0750F261C1459509B8854D /* FHSpacing.swift */,
				301C0AF87070311EBEE1947A /* FHTypography.swift */,
			);
			path = Tokens;
			sourceTree = "<group>";
		};
		B97A23B977FB96F7B8496DEC /* ViewModel */ = {
			isa = PBXGroup;
			children = (
				FF9573BB74EDAA8596C0F5B9 /* ExploreViewModel.swift */,
			);
			path = ViewModel;
			sourceTree = "<group>";
		};
		BAF8328133B624603A066FD0 /* ViewModel */ = {
			isa = PBXGroup;
			children = (
				84CA2396AC0EB2759611D127 /* HomeFeedViewModel.swift */,
			);
			path = ViewModel;
			sourceTree = "<group>";
		};
		BB1AD1B50D48B6312C884FC4 /* Resources */ = {
			isa = PBXGroup;
			children = (
				2FD5B091457478876F1EE73F /* Fonts */,
				2BBF5B392EB3DCE75CCC3DC4 /* MockData */,
				8C742614285F8B3B112F7BB3 /* Assets.xcassets */,
			);
			path = Resources;
			sourceTree = "<group>";
		};
		C1A55F9B180360B61A94761C /* Navigation */ = {
			isa = PBXGroup;
			children = (
				1B93A7988D04BFEA779F077D /* FilterChip.swift */,
				DA6177A68E8AEC2852F5B0CC /* SectionHeader.swift */,
			);
			path = Navigation;
			sourceTree = "<group>";
		};
		D0B9D5EB52232DF5CEEAB0BE /* Profile */ = {
			isa = PBXGroup;
			children = (
				8362E86C24019BAA7830CD78 /* Components */,
				9A9763D415ED5F36BF4856E2 /* View */,
				82302F27DAEB6D925E073F8E /* ViewModel */,
			);
			path = Profile;
			sourceTree = "<group>";
		};
		D90B2B603BDDCCB34F44B71F /* Features */ = {
			isa = PBXGroup;
			children = (
				98C5CB212F9FF9990040FB13 /* Auth */,
				418C24B135127E24282600E0 /* Detail */,
				881D9A3330385E27193461C2 /* Explore */,
				AB51043CB7E9CAF89392929F /* Home */,
				321115585F907869E7775CC2 /* Onboarding */,
				D0B9D5EB52232DF5CEEAB0BE /* Profile */,
				11DFAA84125A4BA81ECB1585 /* Saved */,
			);
			path = Features;
			sourceTree = "<group>";
		};
		DD2AD89B5398CCB2F7F9DD24 /* Extensions */ = {
			isa = PBXGroup;
			children = (
				6D504A91B3752D6D8E2A648B /* View+Extensions.swift */,
			);
			path = Extensions;
			sourceTree = "<group>";
		};
		DEADB26D1F7D04FC43B94B18 /* Core */ = {
			isa = PBXGroup;
			children = (
				4C1CD312E3936B8A59BA963A /* Models */,
				25A60075CEB57E71AC6CA049 /* Protocols */,
				264042262ED2884B77D38EBA /* Services */,
				3AC63261843F550EC866FE90 /* Utilities */,
			);
			path = Core;
			sourceTree = "<group>";
		};
		F3F4D02A132576F0B4CCF56B /* Shared */ = {
			isa = PBXGroup;
			children = (
				DD2AD89B5398CCB2F7F9DD24 /* Extensions */,
				180CF90449A0D170005C28C7 /* ImageLoading */,
				6B62FD7F8E181D5927C4BCBB /* Navigation */,
			);
			path = Shared;
			sourceTree = "<group>";
		};
		FD2EFE7EABBB149EC37084AA /* Buttons */ = {
			isa = PBXGroup;
			children = (
				4AF0D6C620B89F755C5C8D1B /* FHButton.swift */,
				85C4391D9B81E1880495F15D /* SaveButton.swift */,
			);
			path = Buttons;
			sourceTree = "<group>";
		};
/* End PBXGroup section */

/* Begin PBXNativeTarget section */
		42AEFBAE01D2DFD981F7DA7D /* Figs and Honey */ = {
			isa = PBXNativeTarget;
			buildConfigurationList = F6FF51FEE67CBD18797A6459 /* Build configuration list for PBXNativeTarget "Figs and Honey" */;
			buildPhases = (
				14B240505C7F562E32F7A66E /* Sources */,
				C25A501B472CEDF18639FE6A /* Resources */,
				15F41ACC17D5CE8E91B3B358 /* Frameworks */,
			);
			buildRules = (
			);
			dependencies = (
			);
			name = "Figs and Honey";
			productName = "Figs and Honey";
			productReference = F5BF48AA40CAD7891EB709FC /* Figs and Honey.app */;
			productType = "com.apple.product-type.application";
		};
/* End PBXNativeTarget section */

/* Begin PBXProject section */
		46F86FAA6BBF9AC94A7E4595 /* Project object */ = {
			isa = PBXProject;
			attributes = {
				BuildIndependentTargetsInParallel = 1;
				LastSwiftUpdateCheck = 1540;
				LastUpgradeCheck = 1540;
			};
			buildConfigurationList = E338CD64A4D2337A1A947296 /* Build configuration list for PBXProject "FigsAndHoney" */;
			compatibilityVersion = "Xcode 14.0";
			developmentRegion = en;
			hasScannedForEncodings = 0;
			knownRegions = (
				en,
				Base,
			);
			mainGroup = 2F58D364057D3EDC00A276D6;
			productRefGroup = 9F0DEE8F0E6A6B46C8119765 /* Products */;
			projectDirPath = "";
			projectRoot = "";
			targets = (
				42AEFBAE01D2DFD981F7DA7D /* Figs and Honey */,
			);
		};
/* End PBXProject section */

/* Begin PBXResourcesBuildPhase section */
		C25A501B472CEDF18639FE6A /* Resources */ = {
			isa = PBXResourcesBuildPhase;
			buildActionMask = 2147483647;
			files = (
				B2A199F37C7DE981C06505FF /* Assets.xcassets in Resources */,
				188E2854626B71DD794C381C /* Spectral-Bold.ttf in Resources */,
				5F809F642CD2D1FAEED1BA2A /* Spectral-Italic.ttf in Resources */,
				23C2B277ABB88133AD958061 /* Spectral-Medium.ttf in Resources */,
				0AD6C16A32B957FA429FEC69 /* Spectral-Regular.ttf in Resources */,
				1343DD6BF1CF26FEF8606321 /* Spectral-SemiBold.ttf in Resources */,
				2D993411EC6C155008BF93AD /* collections.json in Resources */,
				20F2CDF295A473DFC4B0790E /* editorials.json in Resources */,
				5E0F3B0E7E1DAE7082CA6BAA /* recipes.json in Resources */,
				486746F5BDC3F3CF0AD1F494 /* suggestions.json in Resources */,
			);
			runOnlyForDeploymentPostprocessing = 0;
		};
/* End PBXResourcesBuildPhase section */

/* Begin PBXSourcesBuildPhase section */
		14B240505C7F562E32F7A66E /* Sources */ = {
			isa = PBXSourcesBuildPhase;
			buildActionMask = 2147483647;
			files = (
				B51310C9206F137C9740077C /* AppState.swift in Sources */,
				14A55CB7E37555FA23CA2BE5 /* AppTabView.swift in Sources */,
				56A7D525E3987FB44A4216AF /* DependencyContainer.swift in Sources */,
				0E1F4561CF7CDE4B684F1D99 /* FigsAndHoneyApp.swift in Sources */,
				688CAEE4E7C007BFF41E70DE /* Author.swift in Sources */,
				3A0CDE405FF6DA4D889A774E /* Collection.swift in Sources */,
				BC8FC354190EC4074244C80C /* Editorial.swift in Sources */,
				C2B448A71909E8E78278719E /* HomeFeedSection.swift in Sources */,
				7C6255F6A31349FC9F5FE648 /* Ingredient.swift in Sources */,
				1467AFFFF9033B8311A2CEAA /* NutritionInfo.swift in Sources */,
				79438FAD6478EDB4DEF91344 /* Recipe.swift in Sources */,
				EEFB0D656C0AECEDF44B3BD5 /* SavedItem.swift in Sources */,
				FD094F3A3AF2A9145E706FD6 /* Suggestion.swift in Sources */,
				461EC79A76D1A44CCE7A7019 /* Tag.swift in Sources */,
				AFC3ECC8B0D8B54A6D6377C0 /* UserPreferences.swift in Sources */,
				46657772CF6940665214C96A /* CollectionRepository.swift in Sources */,
				FE01913BA0E7B7B0953C0F50 /* EditorialRepository.swift in Sources */,
				D286AD6F7CC2CB4A4413C53B /* HomeFeedRepository.swift in Sources */,
				9D8805E455D4622C68F6366F /* RecipeRepository.swift in Sources */,
				78A4D816461473B2D0230434 /* SavedItemRepository.swift in Sources */,
				EE040F5CE47EB4D9E58C3966 /* SuggestionRepository.swift in Sources */,
				23383119C56FFAC62A1AC42A /* UserPreferencesRepository.swift in Sources */,
				585013082BF323DF88D8E952 /* MockCollectionRepository.swift in Sources */,
				2CD123A639C911940FA3DDCE /* MockDataLoader.swift in Sources */,
				4E195C28029C505ADFD8E6AE /* MockEditorialRepository.swift in Sources */,
				1F99EADAF3707B7432C2479C /* MockHomeFeedRepository.swift in Sources */,
				D7855BF634CF80678B1389DB /* MockRecipeRepository.swift in Sources */,
				D1780D7BD55143B108C087B0 /* MockSavedItemRepository.swift in Sources */,
				1DF6857C7F9E92E87543AB2F /* MockSuggestionRepository.swift in Sources */,
				22DB694CBC423DA292EB5974 /* MockUserPreferencesRepository.swift in Sources */,
				DA363715B83BF48F474B194B /* LocalPreferencesRepository.swift in Sources */,
				3A643933C17560B5A7D925BD /* LocalSavedItemRepository.swift in Sources */,
				90E1076EF29010BBD1D932FE /* Haptics.swift in Sources */,
				926A0C4B8528B70AE05FCA0E /* FHButton.swift in Sources */,
				BF1DFEB33EDD6F63DD633AD7 /* SaveButton.swift in Sources */,
				DAA5174670440B6FAD571F47 /* CollectionCard.swift in Sources */,
				F5684008C591C3536A8BEC0D /* EditorialCard.swift in Sources */,
				7692045E529ACB956CAFCA54 /* EditorialSpotlightCard.swift in Sources */,
				8EF8FB1DDCA633B0D6CD2123 /* FeatureCard.swift in Sources */,
				982B28B0BB60F1A56941B808 /* RecipeCard.swift in Sources */,
				63B274710EC96CC6B28E5870 /* SuggestionTile.swift in Sources */,
				E27E8EEE1CF1AE8F692BCBE0 /* ContentDivider.swift in Sources */,
				8F85552582BB6FF1EA40BD35 /* HeroHeaderView.swift in Sources */,
				16D3F5BDDB7431FBB87775DD /* MetadataPill.swift in Sources */,
				72822A47E0986F3ECC90CBC5 /* FilterChip.swift in Sources */,
				37228CF59A5DF2EE46F04493 /* SectionHeader.swift in Sources */,
				10FA169C86059C3EDFEC378C /* CardStyle.swift in Sources */,
				98C5CB222F9FF9990040FB13 /* AuthViewModel.swift in Sources */,
				98C5CB232F9FF9990040FB13 /* AuthScreen.swift in Sources */,
				98C5CB242F9FF9990040FB13 /* EmailAuthSheet.swift in Sources */,
				6A588CBBA020650E615549ED /* FHColors.swift in Sources */,
				F8534A40A01124DE848DFED9 /* FHRadius.swift in Sources */,
				98C5CB142F9FED5B0040FB13 /* APIClient.swift in Sources */,
				98C5CB152F9FED5B0040FB13 /* AuthTokenStore.swift in Sources */,
				98C5CB162F9FED5B0040FB13 /* AuthAPI.swift in Sources */,
				98C5CB172F9FED5B0040FB13 /* APIConfig.swift in Sources */,
				98C5CB182F9FED5B0040FB13 /* KeychainService.swift in Sources */,
				98C5CB192F9FED5B0040FB13 /* APIEnvelope.swift in Sources */,
				98C5CB1A2F9FED5B0040FB13 /* AuthService.swift in Sources */,
				98C5CB1B2F9FED5B0040FB13 /* APIError.swift in Sources */,
				DF89D851BC45A4F532E2B909 /* FHShadows.swift in Sources */,
				7816A95B2C4444B65D83799F /* FHSpacing.swift in Sources */,
				E6FE9B332D36B5F62085F969 /* FHTypography.swift in Sources */,
				826FD18E64556883E0E1F594 /* IngredientListView.swift in Sources */,
				2474E376EC5025DD8D4A5B37 /* InstructionStepView.swift in Sources */,
				C7F37859A63102291E2BCFE2 /* NutritionBadge.swift in Sources */,
				23E42002279D96FB0408D33B /* RelatedContentRow.swift in Sources */,
				62F8D25A5F0A7BDE516FE038 /* CollectionDetailView.swift in Sources */,
				DA9AABAF8180573DB4C5267D /* EditorialDetailView.swift in Sources */,
				CAA4BD00291A4C40F823152A /* RecipeDetailView.swift in Sources */,
				5C5DDB4171FC3048930001A7 /* SuggestionDetailView.swift in Sources */,
				AA8F8FA84AF5FFFD8C443E07 /* CollectionDetailViewModel.swift in Sources */,
				0AC577FF9E2509D7F133C553 /* EditorialDetailViewModel.swift in Sources */,
				ACF15AE587266760073EA985 /* RecipeDetailViewModel.swift in Sources */,
				A19098914C65A1B43748B588 /* SuggestionDetailViewModel.swift in Sources */,
				0962167A45BCFFA30C7FE6C6 /* CategoryGrid.swift in Sources */,
				BF03A4626E953025131F6FAE /* SearchResultRow.swift in Sources */,
				636C7554ADB7F6B6FD258DEF /* TrendingSection.swift in Sources */,
				A35B8A095B7721458F568C91 /* ExploreCategory.swift in Sources */,
				9DF5BA9139BEFC56F55727E0 /* ExploreView.swift in Sources */,
				3D69B76E2FBBB1F81D704413 /* ExploreViewModel.swift in Sources */,
				23ED93881B9387513587D6F9 /* CollectionRow.swift in Sources */,
				6148059A6C8C9A2436A1112C /* EditorialBlockView.swift in Sources */,
				07B5C1C4269C76D0824CFA9F /* FeaturedCarousel.swift in Sources */,
				538E627AB95F7A1A869DD49F /* HomeSectionView.swift in Sources */,
				111C04B11A9580369C689515 /* RecipeRow.swift in Sources */,
				A9B7F8C64D40611A294BC95E /* SuggestionStrip.swift in Sources */,
				E179920569D95F9E0A8CE91A /* HomeFeedView.swift in Sources */,
				7F072F14C3D7416D7C7BAC3F /* HomeFeedViewModel.swift in Sources */,
				1B53E687BF08FC3FD4DBBBDF /* CompletionPage.swift in Sources */,
				15A3274AA224DDCF91D3C331 /* CuisinePreferencePage.swift in Sources */,
				00FA3E3BDDAE3909BE1B17C6 /* DietaryPreferencePage.swift in Sources */,
				2474740F14B02C3148E9E149 /* WelcomePage.swift in Sources */,
				E0383AAB7A9ECA0DBEFCA00D /* OnboardingView.swift in Sources */,
				3F86785768BE8BFB19948BA4 /* OnboardingViewModel.swift in Sources */,
				438D8FA70AAFF5BD225E348B /* AboutSection.swift in Sources */,
				990511DE47A67432439E7310 /* DietarySection.swift in Sources */,
				4364FE0AE4BDA413FA2A8640 /* PreferenceToggleRow.swift in Sources */,
				C602A764AA4A7541610A7CCA /* ProfileView.swift in Sources */,
				D3DE1E99ACE4E3C4C5E1F4EA /* ProfileViewModel.swift in Sources */,
				46AD1F71660AD2F6D137B288 /* EmptyStateView.swift in Sources */,
				CEF1B580B2A5FDE2211BB30C /* SavedItemRow.swift in Sources */,
				568D23C34034D1AA73850D90 /* SavedView.swift in Sources */,
				28AF32ED607C894277ADA2A3 /* SavedViewModel.swift in Sources */,
				D2C382DB4467E4C5EB6BE42E /* View+Extensions.swift in Sources */,
				A00E593144F12AB83F92CA65 /* CachedAsyncImage.swift in Sources */,
				573885B3E5C52E8448B5DE81 /* ImageCache.swift in Sources */,
				D2063DAD702572A1C0AA7877 /* ImagePipeline.swift in Sources */,
				DCD23682DDC9CA42A1AD43E4 /* Route.swift in Sources */,
				C261E79FCC5F8238B949027D /* Router.swift in Sources */,
			);
			runOnlyForDeploymentPostprocessing = 0;
		};
/* End PBXSourcesBuildPhase section */

/* Begin XCBuildConfiguration section */
		1F6B6D9F620FD3DFF402CA99 /* Release */ = {
			isa = XCBuildConfiguration;
			buildSettings = {
				ALWAYS_SEARCH_USER_PATHS = NO;
				CLANG_ENABLE_MODULES = YES;
				CLANG_ENABLE_OBJC_ARC = YES;
				COPY_PHASE_STRIP = NO;
				DEBUG_INFORMATION_FORMAT = "dwarf-with-dsym";
				ENABLE_NS_ASSERTIONS = NO;
				ENABLE_STRICT_OBJC_MSGSEND = YES;
				IPHONEOS_DEPLOYMENT_TARGET = 17.0;
				MTL_ENABLE_DEBUG_INFO = NO;
				SDKROOT = iphoneos;
				SWIFT_COMPILATION_MODE = wholemodule;
				SWIFT_OPTIMIZATION_LEVEL = "-O";
				VALIDATE_PRODUCT = YES;
			};
			name = Release;
		};
		4C0F7F366D3B71DF0AF0568D /* Debug */ = {
			isa = XCBuildConfiguration;
			buildSettings = {
				ASSETCATALOG_COMPILER_APPICON_NAME = AppIcon;
				ASSETCATALOG_COMPILER_GLOBAL_ACCENT_COLOR_NAME = AccentColor;
				CODE_SIGN_STYLE = Automatic;
				CURRENT_PROJECT_VERSION = 1;
				DEVELOPMENT_ASSET_PATHS = "\"FigsAndHoney/Preview Content\"";
				ENABLE_PREVIEWS = YES;
				GENERATE_INFOPLIST_FILE = NO;
				INFOPLIST_FILE = FigsAndHoney/Info.plist;
				INFOPLIST_KEY_LSApplicationCategoryType = "public.app-category.food-and-drink";
				INFOPLIST_KEY_UIApplicationSceneManifest_Generation = YES;
				INFOPLIST_KEY_UIApplicationSupportsIndirectInputEvents = YES;
				INFOPLIST_KEY_UILaunchScreen_Generation = YES;
				INFOPLIST_KEY_UISupportedInterfaceOrientations_iPad = "UIInterfaceOrientationPortrait UIInterfaceOrientationPortraitUpsideDown UIInterfaceOrientationLandscapeLeft UIInterfaceOrientationLandscapeRight";
				INFOPLIST_KEY_UISupportedInterfaceOrientations_iPhone = "UIInterfaceOrientationPortrait UIInterfaceOrientationLandscapeLeft UIInterfaceOrientationLandscapeRight";
				LD_RUNPATH_SEARCH_PATHS = (
					"$(inherited)",
					"@executable_path/Frameworks",
				);
				MARKETING_VERSION = 1.0;
				PRODUCT_BUNDLE_IDENTIFIER = com.figsandhoney.app;
				PRODUCT_NAME = "Figs and Honey";
				SWIFT_EMIT_LOC_STRINGS = YES;
				SWIFT_VERSION = 5.0;
				TARGETED_DEVICE_FAMILY = "1,2";
			};
			name = Debug;
		};
		B4FD041EC2DFE262F1C4F87A /* Debug */ = {
			isa = XCBuildConfiguration;
			buildSettings = {
				ALWAYS_SEARCH_USER_PATHS = NO;
				CLANG_ENABLE_MODULES = YES;
				CLANG_ENABLE_OBJC_ARC = YES;
				COPY_PHASE_STRIP = NO;
				DEBUG_INFORMATION_FORMAT = dwarf;
				ENABLE_STRICT_OBJC_MSGSEND = YES;
				ENABLE_TESTABILITY = YES;
				GCC_OPTIMIZATION_LEVEL = 0;
				GCC_PREPROCESSOR_DEFINITIONS = (
					"DEBUG=1",
					"$(inherited)",
				);
				IPHONEOS_DEPLOYMENT_TARGET = 17.0;
				MTL_ENABLE_DEBUG_INFO = INCLUDE_SOURCE;
				ONLY_ACTIVE_ARCH = YES;
				SDKROOT = iphoneos;
				SWIFT_ACTIVE_COMPILATION_CONDITIONS = "$(inherited) DEBUG";
				SWIFT_OPTIMIZATION_LEVEL = "-Onone";
			};
			name = Debug;
		};
		F5BFFFDD763FA58C8F9C25B8 /* Release */ = {
			isa = XCBuildConfiguration;
			buildSettings = {
				ASSETCATALOG_COMPILER_APPICON_NAME = AppIcon;
				ASSETCATALOG_COMPILER_GLOBAL_ACCENT_COLOR_NAME = AccentColor;
				CODE_SIGN_STYLE = Automatic;
				CURRENT_PROJECT_VERSION = 1;
				DEVELOPMENT_ASSET_PATHS = "\"FigsAndHoney/Preview Content\"";
				ENABLE_PREVIEWS = YES;
				GENERATE_INFOPLIST_FILE = NO;
				INFOPLIST_FILE = FigsAndHoney/Info.plist;
				INFOPLIST_KEY_LSApplicationCategoryType = "public.app-category.food-and-drink";
				INFOPLIST_KEY_UIApplicationSceneManifest_Generation = YES;
				INFOPLIST_KEY_UIApplicationSupportsIndirectInputEvents = YES;
				INFOPLIST_KEY_UILaunchScreen_Generation = YES;
				INFOPLIST_KEY_UISupportedInterfaceOrientations_iPad = "UIInterfaceOrientationPortrait UIInterfaceOrientationPortraitUpsideDown UIInterfaceOrientationLandscapeLeft UIInterfaceOrientationLandscapeRight";
				INFOPLIST_KEY_UISupportedInterfaceOrientations_iPhone = "UIInterfaceOrientationPortrait UIInterfaceOrientationLandscapeLeft UIInterfaceOrientationLandscapeRight";
				LD_RUNPATH_SEARCH_PATHS = (
					"$(inherited)",
					"@executable_path/Frameworks",
				);
				MARKETING_VERSION = 1.0;
				PRODUCT_BUNDLE_IDENTIFIER = com.figsandhoney.app;
				PRODUCT_NAME = "Figs and Honey";
				SWIFT_EMIT_LOC_STRINGS = YES;
				SWIFT_VERSION = 5.0;
				TARGETED_DEVICE_FAMILY = "1,2";
			};
			name = Release;
		};
/* End XCBuildConfiguration section */

/* Begin XCConfigurationList section */
		E338CD64A4D2337A1A947296 /* Build configuration list for PBXProject "FigsAndHoney" */ = {
			isa = XCConfigurationList;
			buildConfigurations = (
				B4FD041EC2DFE262F1C4F87A /* Debug */,
				1F6B6D9F620FD3DFF402CA99 /* Release */,
			);
			defaultConfigurationIsVisible = 0;
			defaultConfigurationName = Release;
		};
		F6FF51FEE67CBD18797A6459 /* Build configuration list for PBXNativeTarget "Figs and Honey" */ = {
			isa = XCConfigurationList;
			buildConfigurations = (
				4C0F7F366D3B71DF0AF0568D /* Debug */,
				F5BFFFDD763FA58C8F9C25B8 /* Release */,
			);
			defaultConfigurationIsVisible = 0;
			defaultConfigurationName = Release;
		};
/* End XCConfigurationList section */
	};
	rootObject = 46F86FAA6BBF9AC94A7E4595 /* Project object */;
}
